
Microsoft Visual Studio Solution File, Format Version 12.00
# Visual Studio Version 16
VisualStudioVersion = 25.0.1705.6
MinimumVisualStudioVersion = 10.0.40219.1
Project("{FAE04EC0-301F-11D3-BF4B-00C04F79EFBC}") = "BookStore", "BookStore\BookStore.csproj", "{FFF9DB0E-68D2-4CAF-A348-7B7AB6C8767B}"
EndProject
Project("{FAE04EC0-301F-11D3-BF4B-00C04F79EFBC}") = "BookStore.Data", "BookStore.Data\BookStore.Data.csproj", "{0853FB39-7576-49DF-B0E1-670812AA62D7}"
EndProject
Global
	GlobalSection(SolutionConfigurationPlatforms) = preSolution
		Debug|Any CPU = Debug|Any CPU
		Release|Any CPU = Release|Any CPU
	EndGlobalSection
	GlobalSection(ProjectConfigurationPlatforms) = postSolution
		{FFF9DB0E-68D2-4CAF-A348-7B7AB6C8767B}.Debug|Any CPU.ActiveCfg = Debug|Any CPU
		{FFF9DB0E-68D2-4CAF-A348-7B7AB6C8767B}.Debug|Any CPU.Build.0 = Debug|Any CPU
		{FFF9DB0E-68D2-4CAF-A348-7B7AB6C8767B}.Release|Any CPU.ActiveCfg = Release|Any CPU
		{FFF9DB0E-68D2-4CAF-A348-7B7AB6C8767B}.Release|Any CPU.Build.0 = Release|Any CPU
		{0853FB39-7576-49DF-B0E1-670812AA62D7}.Debug|Any CPU.ActiveCfg = Debug|Any CPU
		{0853FB39-7576-49DF-B0E1-670812AA62D7}.Debug|Any CPU.Build.0 = Debug|Any CPU
		{0853FB39-7576-49DF-B0E1-670812AA62D7}.Release|Any CPU.ActiveCfg = Release|Any CPU
		{0853FB39-7576-49DF-B0E1-670812AA62D7}.Release|Any CPU.Build.0 = Release|Any CPU
	EndGlobalSection
	GlobalSection(SolutionProperties) = preSolution
		HideSolutionNode = FALSE
	EndGlobalSection
	GlobalSection(ExtensibilityGlobals) = postSolution
		SolutionGuid = {B8126F16-4013-4DD9-9224-A5154EBAC5B6}
	EndGlobalSection
EndGlobal
